{
  "markbot": "1471626cec7576dfe40ae6c99977590ef0f9001c2d588f39754cba32cccd03d9",
  "markbotignore": "030a4e6e1b3b6b510514a7ae54576e2c2ef762d56236c6414ef634955d96a126",
  "index-650.png": "d9ad309a56194a965442356ba87f06c3b6fe3e1fe56e520e6bd1320f65da4b89",
  "index-1400.png": "a9a3efceac9d25cf39d3e48f0ce4f95585c4371ee6e2d5785a20c96bac9345be"
}